
Microsoft Visual Studio Solution File, Format Version 12.00
# Visual Studio Version 16
VisualStudioVersion = 16.0.28803.202
MinimumVisualStudioVersion = 10.0.40219.1
Project("{FAE04EC0-301F-11D3-BF4B-00C04F79EFBC}") = "Assignment 4", "Assignment 4\Assignment 4.csproj", "{13F39F7C-7502-4A4C-BB9B-3AEE1D12D719}"
EndProject
Global
	GlobalSection(SolutionConfigurationPlatforms) = preSolution
		Debug|Any CPU = Debug|Any CPU
		Release|Any CPU = Release|Any CPU
	EndGlobalSection
	GlobalSection(ProjectConfigurationPlatforms) = postSolution
		{13F39F7C-7502-4A4C-BB9B-3AEE1D12D719}.Debug|Any CPU.ActiveCfg = Debug|Any CPU
		{13F39F7C-7502-4A4C-BB9B-3AEE1D12D719}.Debug|Any CPU.Build.0 = Debug|Any CPU
		{13F39F7C-7502-4A4C-BB9B-3AEE1D12D719}.Release|Any CPU.ActiveCfg = Release|Any CPU
		{13F39F7C-7502-4A4C-BB9B-3AEE1D12D719}.Release|Any CPU.Build.0 = Release|Any CPU
	EndGlobalSection
	GlobalSection(SolutionProperties) = preSolution
		HideSolutionNode = FALSE
	EndGlobalSection
	GlobalSection(ExtensibilityGlobals) = postSolution
		SolutionGuid = {61C16A18-56A0-4100-866A-ADE87B140888}
	EndGlobalSection
EndGlobal
